
Microsoft Visual Studio Solution File, Format Version 12.00
# Visual Studio Version 17
VisualStudioVersion = 17.10.35027.167
MinimumVisualStudioVersion = 10.0.40219.1
Project("{9A19103F-16F7-4668-BE54-9A1E7A4F7556}") = "UserService", "UserService\UserService.csproj", "{2030FDD4-C20C-4D7B-A07C-0E554BDB190B}"
EndProject
Project("{9A19103F-16F7-4668-BE54-9A1E7A4F7556}") = "MovieService", "MovieService\MovieService.csproj", "{0D3763D0-1A39-4194-AD7B-4FFE439ECB89}"
EndProject
Global
	GlobalSection(SolutionConfigurationPlatforms) = preSolution
		Debug|Any CPU = Debug|Any CPU
		Release|Any CPU = Release|Any CPU
	EndGlobalSection
	GlobalSection(ProjectConfigurationPlatforms) = postSolution
		{2030FDD4-C20C-4D7B-A07C-0E554BDB190B}.Debug|Any CPU.ActiveCfg = Debug|Any CPU
		{2030FDD4-C20C-4D7B-A07C-0E554BDB190B}.Debug|Any CPU.Build.0 = Debug|Any CPU
		{2030FDD4-C20C-4D7B-A07C-0E554BDB190B}.Release|Any CPU.ActiveCfg = Release|Any CPU
		{2030FDD4-C20C-4D7B-A07C-0E554BDB190B}.Release|Any CPU.Build.0 = Release|Any CPU
		{0D3763D0-1A39-4194-AD7B-4FFE439ECB89}.Debug|Any CPU.ActiveCfg = Debug|Any CPU
		{0D3763D0-1A39-4194-AD7B-4FFE439ECB89}.Debug|Any CPU.Build.0 = Debug|Any CPU
		{0D3763D0-1A39-4194-AD7B-4FFE439ECB89}.Release|Any CPU.ActiveCfg = Release|Any CPU
		{0D3763D0-1A39-4194-AD7B-4FFE439ECB89}.Release|Any CPU.Build.0 = Release|Any CPU
	EndGlobalSection
	GlobalSection(SolutionProperties) = preSolution
		HideSolutionNode = FALSE
	EndGlobalSection
	GlobalSection(ExtensibilityGlobals) = postSolution
		SolutionGuid = {48BB6B8E-0B52-4355-B6AC-6A48D9E7A817}
	EndGlobalSection
EndGlobal
